PODS:
  - Flutter (1.0.0)
  - flutter_widgetkit (0.0.1):
    - Flutter

DEPENDENCIES:
  - Flutter (from `Flutter`)
  - flutter_widgetkit (from `.symlinks/plugins/flutter_widgetkit/ios`)

EXTERNAL SOURCES:
  Flutter:
    :path: Flutter
  flutter_widgetkit:
    :path: ".symlinks/plugins/flutter_widgetkit/ios"

SPEC CHECKSUMS:
  Flutter: 0e3d915762c693b495b44d77113d4970485de6ec
  flutter_widgetkit: a0e9b0d50ee9bec366dad36c639509daaafc397a

PODFILE CHECKSUM: aafe91acc616949ddb318b77800a7f51bffa2a4c

COCOAPODS: 1.9.3
